
Microsoft Visual Studio Solution File, Format Version 12.00
# Visual Studio Version 17
VisualStudioVersion = 17.7.34024.191
MinimumVisualStudioVersion = 10.0.40219.1
Project("{FAE04EC0-301F-11D3-BF4B-00C04F79EFBC}") = "ApiAnime", "ApiAnime\ApiAnime.csproj", "{F9109B74-F8E9-4AB8-B1AB-2081DB8A0D82}"
EndProject
Global
	GlobalSection(SolutionConfigurationPlatforms) = preSolution
		Debug|Any CPU = Debug|Any CPU
		Release|Any CPU = Release|Any CPU
	EndGlobalSection
	GlobalSection(ProjectConfigurationPlatforms) = postSolution
		{F9109B74-F8E9-4AB8-B1AB-2081DB8A0D82}.Debug|Any CPU.ActiveCfg = Debug|Any CPU
		{F9109B74-F8E9-4AB8-B1AB-2081DB8A0D82}.Debug|Any CPU.Build.0 = Debug|Any CPU
		{F9109B74-F8E9-4AB8-B1AB-2081DB8A0D82}.Release|Any CPU.ActiveCfg = Release|Any CPU
		{F9109B74-F8E9-4AB8-B1AB-2081DB8A0D82}.Release|Any CPU.Build.0 = Release|Any CPU
	EndGlobalSection
	GlobalSection(SolutionProperties) = preSolution
		HideSolutionNode = FALSE
	EndGlobalSection
	GlobalSection(ExtensibilityGlobals) = postSolution
		SolutionGuid = {009B66C3-3050-424C-9FE2-E9CC3EF8F435}
	EndGlobalSection
EndGlobal
